<?xml version="1.0" encoding="UTF-8" standalone="yes" ?>
<CodeBlocks_project_file>
	<FileVersion major="1" minor="6" />
	<Project>
		<Option title="WebGenAll" />
		<Option platforms="Unix;" />
		<Option makefile_is_custom="1" />
		<Option pch_mode="2" />
		<Option compiler="gcc" />
		<Build>
			<Target title="Debug">
				<Option output="bin/Debug/WebGenAll" prefix_auto="1" extension_auto="1" />
				<Option object_output="obj/Debug/" />
				<Option type="1" />
				<Option compiler="gcc" />
				<Compiler>
					<Add option="-g" />
					<Add directory="/home/richard/Projects/WebGenAll/" />
					<Add directory="/usr/bin" />
					<Add directory="/usr/include" />
				</Compiler>
			</Target>
			<Target title="Release">
				<Option output="bin/Release/WebGenAll" prefix_auto="1" extension_auto="1" />
				<Option object_output="obj/Release/" />
				<Option type="1" />
				<Option compiler="gcc" />
				<Compiler>
					<Add option="-O2" />
				</Compiler>
				<Linker>
					<Add option="-s" />
				</Linker>
			</Target>
		</Build>
		<Compiler>
			<Add option="-Wmain" />
			<Add option="-pedantic-errors" />
			<Add option="-pedantic" />
			<Add option="-Wfatal-errors" />
			<Add option="-W" />
			<Add option="-Wall" />
			<Add option="-ansi" />
			<Add option="-g" />
			<Add option="-fexceptions" />
			<Add directory="/home/richard/Projects/WebGenAll/" />
			<Add directory="/usr/include" />
		</Compiler>
		<ExtraCommands>
			<Add before="flex --header-file=lex.yy.h lex.l" />
			<Add before="bison -vtd grammar.y" />
			<Mode after="always" />
		</ExtraCommands>
		<Unit filename="defs.cpp" />
		<Unit filename="defs.hpp" />
		<Unit filename="grammar.tab.c">
			<Option compilerVar="CC" />
		</Unit>
		<Unit filename="grammar.tab.h" />
		<Unit filename="grammar.y">
			<Option compile="1" />
			<Option weight="0" />
			<Option compiler="gcc" use="1" buildCommand="bison -vtd grammar.y" />
			<Option target="&lt;{~None~}&gt;" />
		</Unit>
		<Unit filename="lex.l">
			<Option compile="1" />
			<Option weight="0" />
			<Option compiler="gcc" use="1" buildCommand="flex --header-file=lex.yy.h lex.l" />
			<Option target="&lt;{~None~}&gt;" />
		</Unit>
		<Unit filename="lex.yy.c">
			<Option compilerVar="CC" />
		</Unit>
		<Unit filename="lex.yy.h" />
		<Unit filename="main.cpp" />
		<Extensions>
			<code_completion>
				<search_path add="/home/richard/Projects/WebGenAll/" />
				<search_path add="/usr/include" />
			</code_completion>
			<debugger />
		</Extensions>
	</Project>
</CodeBlocks_project_file>
